
Microsoft Visual Studio Solution File, Format Version 12.00
# Visual Studio 15
VisualStudioVersion = 15.0.28010.2026
MinimumVisualStudioVersion = 10.0.40219.1
Project("{FAE04EC0-301F-11D3-BF4B-00C04F79EFBC}") = "移除空白並轉換格式", "移除空白並轉換格式\移除空白並轉換格式.csproj", "{AE2A5D35-1838-496E-BD38-56A9E55C7442}"
EndProject
Global
	GlobalSection(SolutionConfigurationPlatforms) = preSolution
		Debug|Any CPU = Debug|Any CPU
		Release|Any CPU = Release|Any CPU
	EndGlobalSection
	GlobalSection(ProjectConfigurationPlatforms) = postSolution
		{AE2A5D35-1838-496E-BD38-56A9E55C7442}.Debug|Any CPU.ActiveCfg = Debug|Any CPU
		{AE2A5D35-1838-496E-BD38-56A9E55C7442}.Debug|Any CPU.Build.0 = Debug|Any CPU
		{AE2A5D35-1838-496E-BD38-56A9E55C7442}.Release|Any CPU.ActiveCfg = Release|Any CPU
		{AE2A5D35-1838-496E-BD38-56A9E55C7442}.Release|Any CPU.Build.0 = Release|Any CPU
	EndGlobalSection
	GlobalSection(SolutionProperties) = preSolution
		HideSolutionNode = FALSE
	EndGlobalSection
	GlobalSection(ExtensibilityGlobals) = postSolution
		SolutionGuid = {AD9D35F5-6D11-4AAD-A57C-D078634AEDF4}
	EndGlobalSection
EndGlobal
