
Microsoft Visual Studio Solution File, Format Version 12.00
# Visual Studio Version 16
VisualStudioVersion = 16.0.32126.315
MinimumVisualStudioVersion = 10.0.40219.1
Project("{FAE04EC0-301F-11D3-BF4B-00C04F79EFBC}") = "類別練習一", "類別練習一\類別練習一.csproj", "{ECF76B51-0DA1-4EA9-9727-F29EEB734B20}"
EndProject
Global
	GlobalSection(SolutionConfigurationPlatforms) = preSolution
		Debug|Any CPU = Debug|Any CPU
		Release|Any CPU = Release|Any CPU
	EndGlobalSection
	GlobalSection(ProjectConfigurationPlatforms) = postSolution
		{ECF76B51-0DA1-4EA9-9727-F29EEB734B20}.Debug|Any CPU.ActiveCfg = Debug|Any CPU
		{ECF76B51-0DA1-4EA9-9727-F29EEB734B20}.Debug|Any CPU.Build.0 = Debug|Any CPU
		{ECF76B51-0DA1-4EA9-9727-F29EEB734B20}.Release|Any CPU.ActiveCfg = Release|Any CPU
		{ECF76B51-0DA1-4EA9-9727-F29EEB734B20}.Release|Any CPU.Build.0 = Release|Any CPU
	EndGlobalSection
	GlobalSection(SolutionProperties) = preSolution
		HideSolutionNode = FALSE
	EndGlobalSection
	GlobalSection(ExtensibilityGlobals) = postSolution
		SolutionGuid = {7C4E6D78-A442-4596-8C5B-B69B94BB1573}
	EndGlobalSection
EndGlobal
