
Microsoft Visual Studio Solution File, Format Version 12.00
# Visual Studio Version 16
VisualStudioVersion = 16.0.32126.315
MinimumVisualStudioVersion = 10.0.40219.1
Project("{FAE04EC0-301F-11D3-BF4B-00C04F79EFBC}") = "讀入圖檔", "讀入圖檔\讀入圖檔.csproj", "{32987209-07E9-4B3F-A8FA-3BB62B6C5281}"
EndProject
Global
	GlobalSection(SolutionConfigurationPlatforms) = preSolution
		Debug|Any CPU = Debug|Any CPU
		Release|Any CPU = Release|Any CPU
	EndGlobalSection
	GlobalSection(ProjectConfigurationPlatforms) = postSolution
		{32987209-07E9-4B3F-A8FA-3BB62B6C5281}.Debug|Any CPU.ActiveCfg = Debug|Any CPU
		{32987209-07E9-4B3F-A8FA-3BB62B6C5281}.Debug|Any CPU.Build.0 = Debug|Any CPU
		{32987209-07E9-4B3F-A8FA-3BB62B6C5281}.Release|Any CPU.ActiveCfg = Release|Any CPU
		{32987209-07E9-4B3F-A8FA-3BB62B6C5281}.Release|Any CPU.Build.0 = Release|Any CPU
	EndGlobalSection
	GlobalSection(SolutionProperties) = preSolution
		HideSolutionNode = FALSE
	EndGlobalSection
	GlobalSection(ExtensibilityGlobals) = postSolution
		SolutionGuid = {DD3B8C39-8C88-4165-B423-48D9F7C104BD}
	EndGlobalSection
EndGlobal
